// !$*UTF8*$!
{
	archiveVersion = 1;
	classes = {
	};
	objectVersion = 51;
	objects = {

/* Begin PBXBuildFile section */
		04CFC47F245D3B7300C9BE9E /* AppDelegate.swift in Sources */ = {isa = PBXBuildFile; fileRef = 04CFC47E245D3B7300C9BE9E /* AppDelegate.swift */; };
		04CFC481245D3B7300C9BE9E /* SceneDelegate.swift in Sources */ = {isa = PBXBuildFile; fileRef = 04CFC480245D3B7300C9BE9E /* SceneDelegate.swift */; };
		04CFC483245D3B7300C9BE9E /* ViewController.swift in Sources */ = {isa = PBXBuildFile; fileRef = 04CFC482245D3B7300C9BE9E /* ViewController.swift */; };
		04CFC486245D3B7300C9BE9E /* Main.storyboard in Resources */ = {isa = PBXBuildFile; fileRef = 04CFC484245D3B7300C9BE9E /* Main.storyboard */; };
		04CFC488245D3B7600C9BE9E /* Assets.xcassets in Resources */ = {isa = PBXBuildFile; fileRef = 04CFC487245D3B7600C9BE9E /* Assets.xcassets */; };
		04CFC48B245D3B7600C9BE9E /* LaunchScreen.storyboard in Resources */ = {isa = PBXBuildFile; fileRef = 04CFC489245D3B7600C9BE9E /* LaunchScreen.storyboard */; };
		04CFC493245D3BF600C9BE9E /* LXColorManager.podspec in Resources */ = {isa = PBXBuildFile; fileRef = 04CFC492245D3BF600C9BE9E /* LXColorManager.podspec */; };
		E6FDB0219167E8FB8113A370 /* Pods_LXColorManagerModule.framework in Frameworks */ = {isa = PBXBuildFile; fileRef = 0346A38B38F65704A2BF4EF9 /* Pods_LXColorManagerModule.framework */; };
/* End PBXBuildFile section */

/* Begin PBXFileReference section */
		0346A38B38F65704A2BF4EF9 /* Pods_LXColorManagerModule.framework */ = {isa = PBXFileReference; explicitFileType = wrapper.framework; includeInIndex = 0; path = Pods_LXColorManagerModule.framework; sourceTree = BUILT_PRODUCTS_DIR; };
		04CFC47B245D3B7300C9BE9E /* LXColorManagerModule.app */ = {isa = PBXFileReference; explicitFileType = wrapper.application; includeInIndex = 0; path = LXColorManagerModule.app; sourceTree = BUILT_PRODUCTS_DIR; };
		04CFC47E245D3B7300C9BE9E /* AppDelegate.swift */ = {isa = PBXFileReference; lastKnownFileType = sourcecode.swift; path = AppDelegate.swift; sourceTree = "<group>"; };
		04CFC480245D3B7300C9BE9E /* SceneDelegate.swift */ = {isa = PBXFileReference; lastKnownFileType = sourcecode.swift; path = SceneDelegate.swift; sourceTree = "<group>"; };
		04CFC482245D3B7300C9BE9E /* ViewController.swift */ = {isa = PBXFileReference; lastKnownFileType = sourcecode.swift; path = ViewController.swift; sourceTree = "<group>"; };
		04CFC485245D3B7300C9BE9E /* Base */ = {isa = PBXFileReference; lastKnownFileType = file.storyboard; name = Base; path = Base.lproj/Main.storyboard; sourceTree = "<group>"; };
		04CFC487245D3B7600C9BE9E /* Assets.xcassets */ = {isa = PBXFileReference; lastKnownFileType = folder.assetcatalog; path = Assets.xcassets; sourceTree = "<group>"; };
		04CFC48A245D3B7600C9BE9E /* Base */ = {isa = PBXFileReference; lastKnownFileType = file.storyboard; name = Base; path = Base.lproj/LaunchScreen.storyboard; sourceTree = "<group>"; };
		04CFC48C245D3B7600C9BE9E /* Info.plist */ = {isa = PBXFileReference; lastKnownFileType = text.plist.xml; path = Info.plist; sourceTree = "<group>"; };
		04CFC492245D3BF600C9BE9E /* LXColorManager.podspec */ = {isa = PBXFileReference; fileEncoding = 4; lastKnownFileType = text; path = LXColorManager.podspec; sourceTree = "<group>"; xcLanguageSpecificationIdentifier = xcode.lang.ruby; };
		39B4FDC27D5DBC742F1CA3D3 /* Pods-LXColorManagerModule.debug.xcconfig */ = {isa = PBXFileReference; includeInIndex = 1; lastKnownFileType = text.xcconfig; name = "Pods-LXColorManagerModule.debug.xcconfig"; path = "Target Support Files/Pods-LXColorManagerModule/Pods-LXColorManagerModule.debug.xcconfig"; sourceTree = "<group>"; };
		938FE96C4BB2559F6DA6EDB2 /* Pods-LXColorManagerModule.release.xcconfig */ = {isa = PBXFileReference; includeInIndex = 1; lastKnownFileType = text.xcconfig; name = "Pods-LXColorManagerModule.release.xcconfig"; path = "Target Support Files/Pods-LXColorManagerModule/Pods-LXColorManagerModule.release.xcconfig"; sourceTree = "<group>"; };
/* End PBXFileReference section */

/* Begin PBXFrameworksBuildPhase section */
		04CFC478245D3B7300C9BE9E /* Frameworks */ = {
			isa = PBXFrameworksBuildPhase;
			buildActionMask = 2147483647;
			files = (
				E6FDB0219167E8FB8113A370 /* Pods_LXColorManagerModule.framework in Frameworks */,
			);
			runOnlyForDeploymentPostprocessing = 0;
		};
/* End PBXFrameworksBuildPhase section */

/* Begin PBXGroup section */
		04CFC472245D3B7300C9BE9E = {
			isa = PBXGroup;
			children = (
				04CFC492245D3BF600C9BE9E /* LXColorManager.podspec */,
				04CFC47D245D3B7300C9BE9E /* LXColorManagerModule */,
				04CFC47C245D3B7300C9BE9E /* Products */,
				D991DDF191FB0B934BED73DC /* Pods */,
				932F74CDDE878E5F125C2594 /* Frameworks */,
			);
			sourceTree = "<group>";
		};
		04CFC47C245D3B7300C9BE9E /* Products */ = {
			isa = PBXGroup;
			children = (
				04CFC47B245D3B7300C9BE9E /* LXColorManagerModule.app */,
			);
			name = Products;
			sourceTree = "<group>";
		};
		04CFC47D245D3B7300C9BE9E /* LXColorManagerModule */ = {
			isa = PBXGroup;
			children = (
				04CFC47E245D3B7300C9BE9E /* AppDelegate.swift */,
				04CFC480245D3B7300C9BE9E /* SceneDelegate.swift */,
				04CFC482245D3B7300C9BE9E /* ViewController.swift */,
				04CFC484245D3B7300C9BE9E /* Main.storyboard */,
				04CFC487245D3B7600C9BE9E /* Assets.xcassets */,
				04CFC489245D3B7600C9BE9E /* LaunchScreen.storyboard */,
				04CFC48C245D3B7600C9BE9E /* Info.plist */,
			);
			path = LXColorManagerModule;
			sourceTree = "<group>";
		};
		932F74CDDE878E5F125C2594 /* Frameworks */ = {
			isa = PBXGroup;
			children = (
				0346A38B38F65704A2BF4EF9 /* Pods_LXColorManagerModule.framework */,
			);
			name = Frameworks;
			sourceTree = "<group>";
		};
		D991DDF191FB0B934BED73DC /* Pods */ = {
			isa = PBXGroup;
			children = (
				39B4FDC27D5DBC742F1CA3D3 /* Pods-LXColorManagerModule.debug.xcconfig */,
				938FE96C4BB2559F6DA6EDB2 /* Pods-LXColorManagerModule.release.xcconfig */,
			);
			path = Pods;
			sourceTree = "<group>";
		};
/* End PBXGroup section */

/* Begin PBXNativeTarget section */
		04CFC47A245D3B7300C9BE9E /* LXColorManagerModule */ = {
			isa = PBXNativeTarget;
			buildConfigurationList = 04CFC48F245D3B7600C9BE9E /* Build configuration list for PBXNativeTarget "LXColorManagerModule" */;
			buildPhases = (
				A710724E290CFB7C5511891F /* [CP] Check Pods Manifest.lock */,
				04CFC477245D3B7300C9BE9E /* Sources */,
				04CFC478245D3B7300C9BE9E /* Frameworks */,
				04CFC479245D3B7300C9BE9E /* Resources */,
				3B72189EB190AC48AAF080DA /* [CP] Embed Pods Frameworks */,
			);
			buildRules = (
			);
			dependencies = (
			);
			name = LXColorManagerModule;
			productName = LXColorManagerModule;
			productReference = 04CFC47B245D3B7300C9BE9E /* LXColorManagerModule.app */;
			productType = "com.apple.product-type.application";
		};
/* End PBXNativeTarget section */

/* Begin PBXProject section */
		04CFC473245D3B7300C9BE9E /* Project object */ = {
			isa = PBXProject;
			attributes = {
				LastSwiftUpdateCheck = 1130;
				LastUpgradeCheck = 1130;
				ORGANIZATIONNAME = "李响";
				TargetAttributes = {
					04CFC47A245D3B7300C9BE9E = {
						CreatedOnToolsVersion = 11.3.1;
					};
				};
			};
			buildConfigurationList = 04CFC476245D3B7300C9BE9E /* Build configuration list for PBXProject "LXColorManagerModule" */;
			compatibilityVersion = "Xcode 9.3";
			developmentRegion = en;
			hasScannedForEncodings = 0;
			knownRegions = (
				en,
				Base,
			);
			mainGroup = 04CFC472245D3B7300C9BE9E;
			productRefGroup = 04CFC47C245D3B7300C9BE9E /* Products */;
			projectDirPath = "";
			projectRoot = "";
			targets = (
				04CFC47A245D3B7300C9BE9E /* LXColorManagerModule */,
			);
		};
/* End PBXProject section */

/* Begin PBXResourcesBuildPhase section */
		04CFC479245D3B7300C9BE9E /* Resources */ = {
			isa = PBXResourcesBuildPhase;
			buildActionMask = 2147483647;
			files = (
				04CFC493245D3BF600C9BE9E /* LXColorManager.podspec in Resources */,
				04CFC48B245D3B7600C9BE9E /* LaunchScreen.storyboard in Resources */,
				04CFC488245D3B7600C9BE9E /* Assets.xcassets in Resources */,
				04CFC486245D3B7300C9BE9E /* Main.storyboard in Resources */,
			);
			runOnlyForDeploymentPostprocessing = 0;
		};
/* End PBXResourcesBuildPhase section */

/* Begin PBXShellScriptBuildPhase section */
		3B72189EB190AC48AAF080DA /* [CP] Embed Pods Frameworks */ = {
			isa = PBXShellScriptBuildPhase;
			buildActionMask = 2147483647;
			files = (
			);
			inputFileListPaths = (
				"${PODS_ROOT}/Target Support Files/Pods-LXColorManagerModule/Pods-LXColorManagerModule-frameworks-${CONFIGURATION}-input-files.xcfilelist",
			);
			name = "[CP] Embed Pods Frameworks";
			outputFileListPaths = (
				"${PODS_ROOT}/Target Support Files/Pods-LXColorManagerModule/Pods-LXColorManagerModule-frameworks-${CONFIGURATION}-output-files.xcfilelist",
			);
			runOnlyForDeploymentPostprocessing = 0;
			shellPath = /bin/sh;
			shellScript = "\"${PODS_ROOT}/Target Support Files/Pods-LXColorManagerModule/Pods-LXColorManagerModule-frameworks.sh\"\n";
			showEnvVarsInLog = 0;
		};
		A710724E290CFB7C5511891F /* [CP] Check Pods Manifest.lock */ = {
			isa = PBXShellScriptBuildPhase;
			buildActionMask = 2147483647;
			files = (
			);
			inputFileListPaths = (
			);
			inputPaths = (
				"${PODS_PODFILE_DIR_PATH}/Podfile.lock",
				"${PODS_ROOT}/Manifest.lock",
			);
			name = "[CP] Check Pods Manifest.lock";
			outputFileListPaths = (
			);
			outputPaths = (
				"$(DERIVED_FILE_DIR)/Pods-LXColorManagerModule-checkManifestLockResult.txt",
			);
			runOnlyForDeploymentPostprocessing = 0;
			shellPath = /bin/sh;
			shellScript = "diff \"${PODS_PODFILE_DIR_PATH}/Podfile.lock\" \"${PODS_ROOT}/Manifest.lock\" > /dev/null\nif [ $? != 0 ] ; then\n    # print error to STDERR\n    echo \"error: The sandbox is not in sync with the Podfile.lock. Run 'pod install' or update your CocoaPods installation.\" >&2\n    exit 1\nfi\n# This output is used by Xcode 'outputs' to avoid re-running this script phase.\necho \"SUCCESS\" > \"${SCRIPT_OUTPUT_FILE_0}\"\n";
			showEnvVarsInLog = 0;
		};
/* End PBXShellScriptBuildPhase section */

/* Begin PBXSourcesBuildPhase section */
		04CFC477245D3B7300C9BE9E /* Sources */ = {
			isa = PBXSourcesBuildPhase;
			buildActionMask = 2147483647;
			files = (
				04CFC483245D3B7300C9BE9E /* ViewController.swift in Sources */,
				04CFC47F245D3B7300C9BE9E /* AppDelegate.swift in Sources */,
				04CFC481245D3B7300C9BE9E /* SceneDelegate.swift in Sources */,
			);
			runOnlyForDeploymentPostprocessing = 0;
		};
/* End PBXSourcesBuildPhase section */

/* Begin PBXVariantGroup section */
		04CFC484245D3B7300C9BE9E /* Main.storyboard */ = {
			isa = PBXVariantGroup;
			children = (
				04CFC485245D3B7300C9BE9E /* Base */,
			);
			name = Main.storyboard;
			sourceTree = "<group>";
		};
		04CFC489245D3B7600C9BE9E /* LaunchScreen.storyboard */ = {
			isa = PBXVariantGroup;
			children = (
				04CFC48A245D3B7600C9BE9E /* Base */,
			);
			name = LaunchScreen.storyboard;
			sourceTree = "<group>";
		};
/* End PBXVariantGroup section */

/* Begin XCBuildConfiguration section */
		04CFC48D245D3B7600C9BE9E /* Debug */ = {
			isa = XCBuildConfiguration;
			buildSettings = {
				ALWAYS_SEARCH_USER_PATHS = NO;
				CLANG_ANALYZER_NONNULL = YES;
				CLANG_ANALYZER_NUMBER_OBJECT_CONVERSION = YES_AGGRESSIVE;
				CLANG_CXX_LANGUAGE_STANDARD = "gnu++14";
				CLANG_CXX_LIBRARY = "libc++";
				CLANG_ENABLE_MODULES = YES;
				CLANG_ENABLE_OBJC_ARC = YES;
				CLANG_ENABLE_OBJC_WEAK = YES;
				CLANG_WARN_BLOCK_CAPTURE_AUTORELEASING = YES;
				CLANG_WARN_BOOL_CONVERSION = YES;
				CLANG_WARN_COMMA = YES;
				CLANG_WARN_CONSTANT_CONVERSION = YES;
				CLANG_WARN_DEPRECATED_OBJC_IMPLEMENTATIONS = YES;
				CLANG_WARN_DIRECT_OBJC_ISA_USAGE = YES_ERROR;
				CLANG_WARN_DOCUMENTATION_COMMENTS = YES;
				CLANG_WARN_EMPTY_BODY = YES;
				CLANG_WARN_ENUM_CONVERSION = YES;
				CLANG_WARN_INFINITE_RECURSION = YES;
				CLANG_WARN_INT_CONVERSION = YES;
				CLANG_WARN_NON_LITERAL_NULL_CONVERSION = YES;
				CLANG_WARN_OBJC_IMPLICIT_RETAIN_SELF = YES;
				CLANG_WARN_OBJC_LITERAL_CONVERSION = YES;
				CLANG_WARN_OBJC_ROOT_CLASS = YES_ERROR;
				CLANG_WARN_RANGE_LOOP_ANALYSIS = YES;
				CLANG_WARN_STRICT_PROTOTYPES = YES;
				CLANG_WARN_SUSPICIOUS_MOVE = YES;
				CLANG_WARN_UNGUARDED_AVAILABILITY = YES_AGGRESSIVE;
				CLANG_WARN_UNREACHABLE_CODE = YES;
				CLANG_WARN__DUPLICATE_METHOD_MATCH = YES;
				COPY_PHASE_STRIP = NO;
				DEBUG_INFORMATION_FORMAT = dwarf;
				ENABLE_STRICT_OBJC_MSGSEND = YES;
				ENABLE_TESTABILITY = YES;
				GCC_C_LANGUAGE_STANDARD = gnu11;
				GCC_DYNAMIC_NO_PIC = NO;
				GCC_NO_COMMON_BLOCKS = YES;
				GCC_OPTIMIZATION_LEVEL = 0;
				GCC_PREPROCESSOR_DEFINITIONS = (
					"DEBUG=1",
					"$(inherited)",
				);
				GCC_WARN_64_TO_32_BIT_CONVERSION = YES;
				GCC_WARN_ABOUT_RETURN_TYPE = YES_ERROR;
				GCC_WARN_UNDECLARED_SELECTOR = YES;
				GCC_WARN_UNINITIALIZED_AUTOS = YES_AGGRESSIVE;
				GCC_WARN_UNUSED_FUNCTION = YES;
				GCC_WARN_UNUSED_VARIABLE = YES;
				IPHONEOS_DEPLOYMENT_TARGET = 13.2;
				MTL_ENABLE_DEBUG_INFO = INCLUDE_SOURCE;
				MTL_FAST_MATH = YES;
				ONLY_ACTIVE_ARCH = YES;
				SDKROOT = iphoneos;
				SWIFT_ACTIVE_COMPILATION_CONDITIONS = DEBUG;
				SWIFT_OPTIMIZATION_LEVEL = "-Onone";
			};
			name = Debug;
		};
		04CFC48E245D3B7600C9BE9E /* Release */ = {
			isa = XCBuildConfiguration;
			buildSettings = {
				ALWAYS_SEARCH_USER_PATHS = NO;
				CLANG_ANALYZER_NONNULL = YES;
				CLANG_ANALYZER_NUMBER_OBJECT_CONVERSION = YES_AGGRESSIVE;
				CLANG_CXX_LANGUAGE_STANDARD = "gnu++14";
				CLANG_CXX_LIBRARY = "libc++";
				CLANG_ENABLE_MODULES = YES;
				CLANG_ENABLE_OBJC_ARC = YES;
				CLANG_ENABLE_OBJC_WEAK = YES;
				CLANG_WARN_BLOCK_CAPTURE_AUTORELEASING = YES;
				CLANG_WARN_BOOL_CONVERSION = YES;
				CLANG_WARN_COMMA = YES;
				CLANG_WARN_CONSTANT_CONVERSION = YES;
				CLANG_WARN_DEPRECATED_OBJC_IMPLEMENTATIONS = YES;
				CLANG_WARN_DIRECT_OBJC_ISA_USAGE = YES_ERROR;
				CLANG_WARN_DOCUMENTATION_COMMENTS = YES;
				CLANG_WARN_EMPTY_BODY = YES;
				CLANG_WARN_ENUM_CONVERSION = YES;
				CLANG_WARN_INFINITE_RECURSION = YES;
				CLANG_WARN_INT_CONVERSION = YES;
				CLANG_WARN_NON_LITERAL_NULL_CONVERSION = YES;
				CLANG_WARN_OBJC_IMPLICIT_RETAIN_SELF = YES;
				CLANG_WARN_OBJC_LITERAL_CONVERSION = YES;
				CLANG_WARN_OBJC_ROOT_CLASS = YES_ERROR;
				CLANG_WARN_RANGE_LOOP_ANALYSIS = YES;
				CLANG_WARN_STRICT_PROTOTYPES = YES;
				CLANG_WARN_SUSPICIOUS_MOVE = YES;
				CLANG_WARN_UNGUARDED_AVAILABILITY = YES_AGGRESSIVE;
				CLANG_WARN_UNREACHABLE_CODE = YES;
				CLANG_WARN__DUPLICATE_METHOD_MATCH = YES;
				COPY_PHASE_STRIP = NO;
				DEBUG_INFORMATION_FORMAT = "dwarf-with-dsym";
				ENABLE_NS_ASSERTIONS = NO;
				ENABLE_STRICT_OBJC_MSGSEND = YES;
				GCC_C_LANGUAGE_STANDARD = gnu11;
				GCC_NO_COMMON_BLOCKS = YES;
				GCC_WARN_64_TO_32_BIT_CONVERSION = YES;
				GCC_WARN_ABOUT_RETURN_TYPE = YES_ERROR;
				GCC_WARN_UNDECLARED_SELECTOR = YES;
				GCC_WARN_UNINITIALIZED_AUTOS = YES_AGGRESSIVE;
				GCC_WARN_UNUSED_FUNCTION = YES;
				GCC_WARN_UNUSED_VARIABLE = YES;
				IPHONEOS_DEPLOYMENT_TARGET = 13.2;
				MTL_ENABLE_DEBUG_INFO = NO;
				MTL_FAST_MATH = YES;
				SDKROOT = iphoneos;
				SWIFT_COMPILATION_MODE = wholemodule;
				SWIFT_OPTIMIZATION_LEVEL = "-O";
				VALIDATE_PRODUCT = YES;
			};
			name = Release;
		};
		04CFC490245D3B7600C9BE9E /* Debug */ = {
			isa = XCBuildConfiguration;
			baseConfigurationReference = 39B4FDC27D5DBC742F1CA3D3 /* Pods-LXColorManagerModule.debug.xcconfig */;
			buildSettings = {
				ASSETCATALOG_COMPILER_APPICON_NAME = AppIcon;
				CODE_SIGN_STYLE = Automatic;
				DEVELOPMENT_TEAM = R4ACXVJNVR;
				INFOPLIST_FILE = LXColorManagerModule/Info.plist;
				LD_RUNPATH_SEARCH_PATHS = (
					"$(inherited)",
					"@executable_path/Frameworks",
				);
				PRODUCT_BUNDLE_IDENTIFIER = LIXINGXLee.LXColorManagerModule;
				PRODUCT_NAME = "$(TARGET_NAME)";
				SWIFT_VERSION = 5.0;
				TARGETED_DEVICE_FAMILY = "1,2";
			};
			name = Debug;
		};
		04CFC491245D3B7600C9BE9E /* Release */ = {
			isa = XCBuildConfiguration;
			baseConfigurationReference = 938FE96C4BB2559F6DA6EDB2 /* Pods-LXColorManagerModule.release.xcconfig */;
			buildSettings = {
				ASSETCATALOG_COMPILER_APPICON_NAME = AppIcon;
				CODE_SIGN_STYLE = Automatic;
				DEVELOPMENT_TEAM = R4ACXVJNVR;
				INFOPLIST_FILE = LXColorManagerModule/Info.plist;
				LD_RUNPATH_SEARCH_PATHS = (
					"$(inherited)",
					"@executable_path/Frameworks",
				);
				PRODUCT_BUNDLE_IDENTIFIER = LIXINGXLee.LXColorManagerModule;
				PRODUCT_NAME = "$(TARGET_NAME)";
				SWIFT_VERSION = 5.0;
				TARGETED_DEVICE_FAMILY = "1,2";
			};
			name = Release;
		};
/* End XCBuildConfiguration section */

/* Begin XCConfigurationList section */
		04CFC476245D3B7300C9BE9E /* Build configuration list for PBXProject "LXColorManagerModule" */ = {
			isa = XCConfigurationList;
			buildConfigurations = (
				04CFC48D245D3B7600C9BE9E /* Debug */,
				04CFC48E245D3B7600C9BE9E /* Release */,
			);
			defaultConfigurationIsVisible = 0;
			defaultConfigurationName = Release;
		};
		04CFC48F245D3B7600C9BE9E /* Build configuration list for PBXNativeTarget "LXColorManagerModule" */ = {
			isa = XCConfigurationList;
			buildConfigurations = (
				04CFC490245D3B7600C9BE9E /* Debug */,
				04CFC491245D3B7600C9BE9E /* Release */,
			);
			defaultConfigurationIsVisible = 0;
			defaultConfigurationName = Release;
		};
/* End XCConfigurationList section */
	};
	rootObject = 04CFC473245D3B7300C9BE9E /* Project object */;
}
